{
  "version": 1,
  "dependencies": {
    ".NETCoreApp,Version=v5.0": {
      "Mono.Cecil": {
        "type": "Direct",
        "requested": "[0.11.4, )",
        "resolved": "0.11.4",
        "contentHash": "IC1h5g0NeJGHIUgzM1P82ld57knhP0IcQfrYITDPXlNpMYGUrsG5TxuaWTjaeqDNQMBDNZkB8L0rBnwsY6JHuQ=="
      },
      "System.Numerics.Vectors": {
        "type": "Transitive",
        "resolved": "4.5.0",
        "contentHash": "QQTlPTl06J/iiDbJCiepZ4H//BVraReU4O4EoRw1U02H5TLUIT7xn3GnDp9AXPSlJUDyFs4uWjWafNX6WrAojQ=="
      },
      "cilspirv": {
        "type": "Project",
        "dependencies": {
          "System.Numerics.Vectors": "4.5.0"
        }
      }
    }
  }
}